
Microsoft Visual Studio Solution File, Format Version 12.00
# Visual Studio 2012
Project("{FAE04EC0-301F-11D3-BF4B-00C04F79EFBC}") = "skeleton_droid", "skeleton_droid\skeleton_droid.csproj", "{F52F8A0C-63F3-4993-97CA-7579C213155B}"
EndProject
Global
	GlobalSection(SolutionConfigurationPlatforms) = preSolution
		Debug|Any CPU = Debug|Any CPU
		Release|Any CPU = Release|Any CPU
	EndGlobalSection
	GlobalSection(ProjectConfigurationPlatforms) = postSolution
		{F52F8A0C-63F3-4993-97CA-7579C213155B}.Debug|Any CPU.ActiveCfg = Debug|Any CPU
		{F52F8A0C-63F3-4993-97CA-7579C213155B}.Debug|Any CPU.Build.0 = Debug|Any CPU
		{F52F8A0C-63F3-4993-97CA-7579C213155B}.Release|Any CPU.ActiveCfg = Release|Any CPU
		{F52F8A0C-63F3-4993-97CA-7579C213155B}.Release|Any CPU.Build.0 = Release|Any CPU
	EndGlobalSection
EndGlobal
